// !$*UTF8*$!
{
	archiveVersion = 1;
	classes = {
	};
	objectVersion = 56;
	objects = {

/* Begin PBXBuildFile section */
		E18CA7EF2B5701C70025EF57 /* AppDelegate.swift in Sources */ = {isa = PBXBuildFile; fileRef = E18CA7EE2B5701C70025EF57 /* AppDelegate.swift */; };
		E18CA7F12B5701C70025EF57 /* SceneDelegate.swift in Sources */ = {isa = PBXBuildFile; fileRef = E18CA7F02B5701C70025EF57 /* SceneDelegate.swift */; };
		E18CA7F82B5701C80025EF57 /* Assets.xcassets in Resources */ = {isa = PBXBuildFile; fileRef = E18CA7F72B5701C80025EF57 /* Assets.xcassets */; };
		E18CA7FB2B5701C80025EF57 /* LaunchScreen.storyboard in Resources */ = {isa = PBXBuildFile; fileRef = E18CA7F92B5701C80025EF57 /* LaunchScreen.storyboard */; };
		E18CA8062B5701C80025EF57 /* GitHubFollowersTests.swift in Sources */ = {isa = PBXBuildFile; fileRef = E18CA8052B5701C80025EF57 /* GitHubFollowersTests.swift */; };
		E18CA8102B5701C80025EF57 /* GitHubFollowersUITests.swift in Sources */ = {isa = PBXBuildFile; fileRef = E18CA80F2B5701C80025EF57 /* GitHubFollowersUITests.swift */; };
		E18CA8122B5701C80025EF57 /* GitHubFollowersUITestsLaunchTests.swift in Sources */ = {isa = PBXBuildFile; fileRef = E18CA8112B5701C80025EF57 /* GitHubFollowersUITestsLaunchTests.swift */; };
		E1AF0C862B5D797000A94064 /* FollowersCell.swift in Sources */ = {isa = PBXBuildFile; fileRef = E1AF0C852B5D797000A94064 /* FollowersCell.swift */; };
		E1AF0C882B5D7A0D00A94064 /* GFAvatarImageView.swift in Sources */ = {isa = PBXBuildFile; fileRef = E1AF0C872B5D7A0D00A94064 /* GFAvatarImageView.swift */; };
		E1B704982B5A7CAB00DAB89A /* Follower.swift in Sources */ = {isa = PBXBuildFile; fileRef = E1B704972B5A7CAB00DAB89A /* Follower.swift */; };
		E1B7049A2B5A7D7300DAB89A /* User.swift in Sources */ = {isa = PBXBuildFile; fileRef = E1B704992B5A7D7300DAB89A /* User.swift */; };
		E1B7049D2B5A856B00DAB89A /* NetworkManager.swift in Sources */ = {isa = PBXBuildFile; fileRef = E1B7049C2B5A856B00DAB89A /* NetworkManager.swift */; };
		E1BB26D32B586C6500247A81 /* GFButton.swift in Sources */ = {isa = PBXBuildFile; fileRef = E1BB26D22B586C6500247A81 /* GFButton.swift */; };
		E1BB26D62B586F7300247A81 /* GFTextField.swift in Sources */ = {isa = PBXBuildFile; fileRef = E1BB26D52B586F7300247A81 /* GFTextField.swift */; };
		E1CAE68E2B594E7F002B411C /* Extension.swift in Sources */ = {isa = PBXBuildFile; fileRef = E1CAE68D2B594E7F002B411C /* Extension.swift */; };
		E1CAE6912B5956BF002B411C /* FollowersListVC.swift in Sources */ = {isa = PBXBuildFile; fileRef = E1CAE6902B5956BF002B411C /* FollowersListVC.swift */; };
		E1CAE6932B596BD6002B411C /* GFTitleLabel.swift in Sources */ = {isa = PBXBuildFile; fileRef = E1CAE6922B596BD6002B411C /* GFTitleLabel.swift */; };
		E1CAE6952B596D0E002B411C /* GFBodyLabel.swift in Sources */ = {isa = PBXBuildFile; fileRef = E1CAE6942B596D0E002B411C /* GFBodyLabel.swift */; };
		E1CAE6982B596E10002B411C /* GFAlertVC.swift in Sources */ = {isa = PBXBuildFile; fileRef = E1CAE6972B596E10002B411C /* GFAlertVC.swift */; };
		E1E52C022B5C102100163391 /* FollowersListVM.swift in Sources */ = {isa = PBXBuildFile; fileRef = E1E52C012B5C102100163391 /* FollowersListVM.swift */; };
		E1FF0E902B5845C600D6794B /* SearchVC.swift in Sources */ = {isa = PBXBuildFile; fileRef = E1FF0E8F2B5845C600D6794B /* SearchVC.swift */; };
		E1FF0E922B5845FE00D6794B /* TabBarController.swift in Sources */ = {isa = PBXBuildFile; fileRef = E1FF0E912B5845FE00D6794B /* TabBarController.swift */; };
		E1FF0E972B58469000D6794B /* FavoritesListVC.swift in Sources */ = {isa = PBXBuildFile; fileRef = E1FF0E962B58469000D6794B /* FavoritesListVC.swift */; };
/* End PBXBuildFile section */

/* Begin PBXContainerItemProxy section */
		E18CA8022B5701C80025EF57 /* PBXContainerItemProxy */ = {
			isa = PBXContainerItemProxy;
			containerPortal = E18CA7E32B5701C70025EF57 /* Project object */;
			proxyType = 1;
			remoteGlobalIDString = E18CA7EA2B5701C70025EF57;
			remoteInfo = GitHubFollowers;
		};
		E18CA80C2B5701C80025EF57 /* PBXContainerItemProxy */ = {
			isa = PBXContainerItemProxy;
			containerPortal = E18CA7E32B5701C70025EF57 /* Project object */;
			proxyType = 1;
			remoteGlobalIDString = E18CA7EA2B5701C70025EF57;
			remoteInfo = GitHubFollowers;
		};
/* End PBXContainerItemProxy section */

/* Begin PBXFileReference section */
		E18CA7EB2B5701C70025EF57 /* GitHubFollowers.app */ = {isa = PBXFileReference; explicitFileType = wrapper.application; includeInIndex = 0; path = GitHubFollowers.app; sourceTree = BUILT_PRODUCTS_DIR; };
		E18CA7EE2B5701C70025EF57 /* AppDelegate.swift */ = {isa = PBXFileReference; lastKnownFileType = sourcecode.swift; path = AppDelegate.swift; sourceTree = "<group>"; };
		E18CA7F02B5701C70025EF57 /* SceneDelegate.swift */ = {isa = PBXFileReference; lastKnownFileType = sourcecode.swift; path = SceneDelegate.swift; sourceTree = "<group>"; };
		E18CA7F72B5701C80025EF57 /* Assets.xcassets */ = {isa = PBXFileReference; lastKnownFileType = folder.assetcatalog; path = Assets.xcassets; sourceTree = "<group>"; };
		E18CA7FA2B5701C80025EF57 /* Base */ = {isa = PBXFileReference; lastKnownFileType = file.storyboard; name = Base; path = Base.lproj/LaunchScreen.storyboard; sourceTree = "<group>"; };
		E18CA7FC2B5701C80025EF57 /* Info.plist */ = {isa = PBXFileReference; lastKnownFileType = text.plist.xml; path = Info.plist; sourceTree = "<group>"; };
		E18CA8012B5701C80025EF57 /* GitHubFollowersTests.xctest */ = {isa = PBXFileReference; explicitFileType = wrapper.cfbundle; includeInIndex = 0; path = GitHubFollowersTests.xctest; sourceTree = BUILT_PRODUCTS_DIR; };
		E18CA8052B5701C80025EF57 /* GitHubFollowersTests.swift */ = {isa = PBXFileReference; lastKnownFileType = sourcecode.swift; path = GitHubFollowersTests.swift; sourceTree = "<group>"; };
		E18CA80B2B5701C80025EF57 /* GitHubFollowersUITests.xctest */ = {isa = PBXFileReference; explicitFileType = wrapper.cfbundle; includeInIndex = 0; path = GitHubFollowersUITests.xctest; sourceTree = BUILT_PRODUCTS_DIR; };
		E18CA80F2B5701C80025EF57 /* GitHubFollowersUITests.swift */ = {isa = PBXFileReference; lastKnownFileType = sourcecode.swift; path = GitHubFollowersUITests.swift; sourceTree = "<group>"; };
		E18CA8112B5701C80025EF57 /* GitHubFollowersUITestsLaunchTests.swift */ = {isa = PBXFileReference; lastKnownFileType = sourcecode.swift; path = GitHubFollowersUITestsLaunchTests.swift; sourceTree = "<group>"; };
		E1AF0C852B5D797000A94064 /* FollowersCell.swift */ = {isa = PBXFileReference; lastKnownFileType = sourcecode.swift; path = FollowersCell.swift; sourceTree = "<group>"; };
		E1AF0C872B5D7A0D00A94064 /* GFAvatarImageView.swift */ = {isa = PBXFileReference; lastKnownFileType = sourcecode.swift; path = GFAvatarImageView.swift; sourceTree = "<group>"; };
		E1B704972B5A7CAB00DAB89A /* Follower.swift */ = {isa = PBXFileReference; lastKnownFileType = sourcecode.swift; path = Follower.swift; sourceTree = "<group>"; };
		E1B704992B5A7D7300DAB89A /* User.swift */ = {isa = PBXFileReference; lastKnownFileType = sourcecode.swift; path = User.swift; sourceTree = "<group>"; };
		E1B7049C2B5A856B00DAB89A /* NetworkManager.swift */ = {isa = PBXFileReference; lastKnownFileType = sourcecode.swift; path = NetworkManager.swift; sourceTree = "<group>"; };
		E1BB26D22B586C6500247A81 /* GFButton.swift */ = {isa = PBXFileReference; lastKnownFileType = sourcecode.swift; path = GFButton.swift; sourceTree = "<group>"; };
		E1BB26D52B586F7300247A81 /* GFTextField.swift */ = {isa = PBXFileReference; lastKnownFileType = sourcecode.swift; path = GFTextField.swift; sourceTree = "<group>"; };
		E1CAE68D2B594E7F002B411C /* Extension.swift */ = {isa = PBXFileReference; lastKnownFileType = sourcecode.swift; path = Extension.swift; sourceTree = "<group>"; };
		E1CAE6902B5956BF002B411C /* FollowersListVC.swift */ = {isa = PBXFileReference; lastKnownFileType = sourcecode.swift; path = FollowersListVC.swift; sourceTree = "<group>"; };
		E1CAE6922B596BD6002B411C /* GFTitleLabel.swift */ = {isa = PBXFileReference; lastKnownFileType = sourcecode.swift; path = GFTitleLabel.swift; sourceTree = "<group>"; };
		E1CAE6942B596D0E002B411C /* GFBodyLabel.swift */ = {isa = PBXFileReference; lastKnownFileType = sourcecode.swift; path = GFBodyLabel.swift; sourceTree = "<group>"; };
		E1CAE6972B596E10002B411C /* GFAlertVC.swift */ = {isa = PBXFileReference; lastKnownFileType = sourcecode.swift; path = GFAlertVC.swift; sourceTree = "<group>"; };
		E1E52C012B5C102100163391 /* FollowersListVM.swift */ = {isa = PBXFileReference; lastKnownFileType = sourcecode.swift; path = FollowersListVM.swift; sourceTree = "<group>"; };
		E1FF0E8F2B5845C600D6794B /* SearchVC.swift */ = {isa = PBXFileReference; lastKnownFileType = sourcecode.swift; path = SearchVC.swift; sourceTree = "<group>"; };
		E1FF0E912B5845FE00D6794B /* TabBarController.swift */ = {isa = PBXFileReference; lastKnownFileType = sourcecode.swift; path = TabBarController.swift; sourceTree = "<group>"; };
		E1FF0E962B58469000D6794B /* FavoritesListVC.swift */ = {isa = PBXFileReference; lastKnownFileType = sourcecode.swift; path = FavoritesListVC.swift; sourceTree = "<group>"; };
/* End PBXFileReference section */

/* Begin PBXFrameworksBuildPhase section */
		E18CA7E82B5701C70025EF57 /* Frameworks */ = {
			isa = PBXFrameworksBuildPhase;
			buildActionMask = 2147483647;
			files = (
			);
			runOnlyForDeploymentPostprocessing = 0;
		};
		E18CA7FE2B5701C80025EF57 /* Frameworks */ = {
			isa = PBXFrameworksBuildPhase;
			buildActionMask = 2147483647;
			files = (
			);
			runOnlyForDeploymentPostprocessing = 0;
		};
		E18CA8082B5701C80025EF57 /* Frameworks */ = {
			isa = PBXFrameworksBuildPhase;
			buildActionMask = 2147483647;
			files = (
			);
			runOnlyForDeploymentPostprocessing = 0;
		};
/* End PBXFrameworksBuildPhase section */

/* Begin PBXGroup section */
		E18CA7E22B5701C70025EF57 = {
			isa = PBXGroup;
			children = (
				E18CA7ED2B5701C70025EF57 /* GitHubFollowers */,
				E18CA8042B5701C80025EF57 /* GitHubFollowersTests */,
				E18CA80E2B5701C80025EF57 /* GitHubFollowersUITests */,
				E18CA7EC2B5701C70025EF57 /* Products */,
			);
			sourceTree = "<group>";
		};
		E18CA7EC2B5701C70025EF57 /* Products */ = {
			isa = PBXGroup;
			children = (
				E18CA7EB2B5701C70025EF57 /* GitHubFollowers.app */,
				E18CA8012B5701C80025EF57 /* GitHubFollowersTests.xctest */,
				E18CA80B2B5701C80025EF57 /* GitHubFollowersUITests.xctest */,
			);
			name = Products;
			sourceTree = "<group>";
		};
		E18CA7ED2B5701C70025EF57 /* GitHubFollowers */ = {
			isa = PBXGroup;
			children = (
				E1B7049B2B5A856000DAB89A /* Managers */,
				E1B704962B5A79D700DAB89A /* Support */,
				E1B704932B5A796900DAB89A /* Model */,
				E1FF0E932B58461A00D6794B /* View */,
				E1B704952B5A797C00DAB89A /* ViewModel */,
				E1CAE68C2B594E76002B411C /* Resources */,
				E18CA7FC2B5701C80025EF57 /* Info.plist */,
			);
			path = GitHubFollowers;
			sourceTree = "<group>";
		};
		E18CA8042B5701C80025EF57 /* GitHubFollowersTests */ = {
			isa = PBXGroup;
			children = (
				E18CA8052B5701C80025EF57 /* GitHubFollowersTests.swift */,
			);
			path = GitHubFollowersTests;
			sourceTree = "<group>";
		};
		E18CA80E2B5701C80025EF57 /* GitHubFollowersUITests */ = {
			isa = PBXGroup;
			children = (
				E18CA80F2B5701C80025EF57 /* GitHubFollowersUITests.swift */,
				E18CA8112B5701C80025EF57 /* GitHubFollowersUITestsLaunchTests.swift */,
			);
			path = GitHubFollowersUITests;
			sourceTree = "<group>";
		};
		E1AF0C832B5D794A00A94064 /* Controllers */ = {
			isa = PBXGroup;
			children = (
				E1CAE6972B596E10002B411C /* GFAlertVC.swift */,
				E1CAE6902B5956BF002B411C /* FollowersListVC.swift */,
				E1FF0E8F2B5845C600D6794B /* SearchVC.swift */,
				E1FF0E962B58469000D6794B /* FavoritesListVC.swift */,
			);
			path = Controllers;
			sourceTree = "<group>";
		};
		E1AF0C842B5D795800A94064 /* Cells */ = {
			isa = PBXGroup;
			children = (
				E1AF0C852B5D797000A94064 /* FollowersCell.swift */,
			);
			path = Cells;
			sourceTree = "<group>";
		};
		E1B704932B5A796900DAB89A /* Model */ = {
			isa = PBXGroup;
			children = (
				E1B704972B5A7CAB00DAB89A /* Follower.swift */,
				E1B704992B5A7D7300DAB89A /* User.swift */,
			);
			path = Model;
			sourceTree = "<group>";
		};
		E1B704952B5A797C00DAB89A /* ViewModel */ = {
			isa = PBXGroup;
			children = (
				E1E52C012B5C102100163391 /* FollowersListVM.swift */,
			);
			path = ViewModel;
			sourceTree = "<group>";
		};
		E1B704962B5A79D700DAB89A /* Support */ = {
			isa = PBXGroup;
			children = (
				E18CA7EE2B5701C70025EF57 /* AppDelegate.swift */,
				E18CA7F02B5701C70025EF57 /* SceneDelegate.swift */,
				E18CA7F72B5701C80025EF57 /* Assets.xcassets */,
				E18CA7F92B5701C80025EF57 /* LaunchScreen.storyboard */,
			);
			path = Support;
			sourceTree = "<group>";
		};
		E1B7049B2B5A856000DAB89A /* Managers */ = {
			isa = PBXGroup;
			children = (
				E1B7049C2B5A856B00DAB89A /* NetworkManager.swift */,
			);
			path = Managers;
			sourceTree = "<group>";
		};
		E1BB26D42B586C8600247A81 /* Design */ = {
			isa = PBXGroup;
			children = (
				E1BB26D22B586C6500247A81 /* GFButton.swift */,
				E1BB26D52B586F7300247A81 /* GFTextField.swift */,
				E1CAE6922B596BD6002B411C /* GFTitleLabel.swift */,
				E1CAE6942B596D0E002B411C /* GFBodyLabel.swift */,
				E1AF0C872B5D7A0D00A94064 /* GFAvatarImageView.swift */,
			);
			path = Design;
			sourceTree = "<group>";
		};
		E1CAE68C2B594E76002B411C /* Resources */ = {
			isa = PBXGroup;
			children = (
				E1CAE68D2B594E7F002B411C /* Extension.swift */,
			);
			path = Resources;
			sourceTree = "<group>";
		};
		E1FF0E932B58461A00D6794B /* View */ = {
			isa = PBXGroup;
			children = (
				E1AF0C842B5D795800A94064 /* Cells */,
				E1AF0C832B5D794A00A94064 /* Controllers */,
				E1BB26D42B586C8600247A81 /* Design */,
				E1FF0E942B58463100D6794B /* TabBar */,
			);
			path = View;
			sourceTree = "<group>";
		};
		E1FF0E942B58463100D6794B /* TabBar */ = {
			isa = PBXGroup;
			children = (
				E1FF0E912B5845FE00D6794B /* TabBarController.swift */,
			);
			path = TabBar;
			sourceTree = "<group>";
		};
/* End PBXGroup section */

/* Begin PBXNativeTarget section */
		E18CA7EA2B5701C70025EF57 /* GitHubFollowers */ = {
			isa = PBXNativeTarget;
			buildConfigurationList = E18CA8152B5701C80025EF57 /* Build configuration list for PBXNativeTarget "GitHubFollowers" */;
			buildPhases = (
				E18CA7E72B5701C70025EF57 /* Sources */,
				E18CA7E82B5701C70025EF57 /* Frameworks */,
				E18CA7E92B5701C70025EF57 /* Resources */,
			);
			buildRules = (
			);
			dependencies = (
			);
			name = GitHubFollowers;
			productName = GitHubFollowers;
			productReference = E18CA7EB2B5701C70025EF57 /* GitHubFollowers.app */;
			productType = "com.apple.product-type.application";
		};
		E18CA8002B5701C80025EF57 /* GitHubFollowersTests */ = {
			isa = PBXNativeTarget;
			buildConfigurationList = E18CA8182B5701C80025EF57 /* Build configuration list for PBXNativeTarget "GitHubFollowersTests" */;
			buildPhases = (
				E18CA7FD2B5701C80025EF57 /* Sources */,
				E18CA7FE2B5701C80025EF57 /* Frameworks */,
				E18CA7FF2B5701C80025EF57 /* Resources */,
			);
			buildRules = (
			);
			dependencies = (
				E18CA8032B5701C80025EF57 /* PBXTargetDependency */,
			);
			name = GitHubFollowersTests;
			productName = GitHubFollowersTests;
			productReference = E18CA8012B5701C80025EF57 /* GitHubFollowersTests.xctest */;
			productType = "com.apple.product-type.bundle.unit-test";
		};
		E18CA80A2B5701C80025EF57 /* GitHubFollowersUITests */ = {
			isa = PBXNativeTarget;
			buildConfigurationList = E18CA81B2B5701C80025EF57 /* Build configuration list for PBXNativeTarget "GitHubFollowersUITests" */;
			buildPhases = (
				E18CA8072B5701C80025EF57 /* Sources */,
				E18CA8082B5701C80025EF57 /* Frameworks */,
				E18CA8092B5701C80025EF57 /* Resources */,
			);
			buildRules = (
			);
			dependencies = (
				E18CA80D2B5701C80025EF57 /* PBXTargetDependency */,
			);
			name = GitHubFollowersUITests;
			productName = GitHubFollowersUITests;
			productReference = E18CA80B2B5701C80025EF57 /* GitHubFollowersUITests.xctest */;
			productType = "com.apple.product-type.bundle.ui-testing";
		};
/* End PBXNativeTarget section */

/* Begin PBXProject section */
		E18CA7E32B5701C70025EF57 /* Project object */ = {
			isa = PBXProject;
			attributes = {
				BuildIndependentTargetsInParallel = 1;
				LastSwiftUpdateCheck = 1520;
				LastUpgradeCheck = 1520;
				TargetAttributes = {
					E18CA7EA2B5701C70025EF57 = {
						CreatedOnToolsVersion = 15.2;
					};
					E18CA8002B5701C80025EF57 = {
						CreatedOnToolsVersion = 15.2;
						TestTargetID = E18CA7EA2B5701C70025EF57;
					};
					E18CA80A2B5701C80025EF57 = {
						CreatedOnToolsVersion = 15.2;
						TestTargetID = E18CA7EA2B5701C70025EF57;
					};
				};
			};
			buildConfigurationList = E18CA7E62B5701C70025EF57 /* Build configuration list for PBXProject "GitHubFollowers" */;
			compatibilityVersion = "Xcode 14.0";
			developmentRegion = en;
			hasScannedForEncodings = 0;
			knownRegions = (
				en,
				Base,
			);
			mainGroup = E18CA7E22B5701C70025EF57;
			productRefGroup = E18CA7EC2B5701C70025EF57 /* Products */;
			projectDirPath = "";
			projectRoot = "";
			targets = (
				E18CA7EA2B5701C70025EF57 /* GitHubFollowers */,
				E18CA8002B5701C80025EF57 /* GitHubFollowersTests */,
				E18CA80A2B5701C80025EF57 /* GitHubFollowersUITests */,
			);
		};
/* End PBXProject section */

/* Begin PBXResourcesBuildPhase section */
		E18CA7E92B5701C70025EF57 /* Resources */ = {
			isa = PBXResourcesBuildPhase;
			buildActionMask = 2147483647;
			files = (
				E18CA7FB2B5701C80025EF57 /* LaunchScreen.storyboard in Resources */,
				E18CA7F82B5701C80025EF57 /* Assets.xcassets in Resources */,
			);
			runOnlyForDeploymentPostprocessing = 0;
		};
		E18CA7FF2B5701C80025EF57 /* Resources */ = {
			isa = PBXResourcesBuildPhase;
			buildActionMask = 2147483647;
			files = (
			);
			runOnlyForDeploymentPostprocessing = 0;
		};
		E18CA8092B5701C80025EF57 /* Resources */ = {
			isa = PBXResourcesBuildPhase;
			buildActionMask = 2147483647;
			files = (
			);
			runOnlyForDeploymentPostprocessing = 0;
		};
/* End PBXResourcesBuildPhase section */

/* Begin PBXSourcesBuildPhase section */
		E18CA7E72B5701C70025EF57 /* Sources */ = {
			isa = PBXSourcesBuildPhase;
			buildActionMask = 2147483647;
			files = (
				E18CA7EF2B5701C70025EF57 /* AppDelegate.swift in Sources */,
				E1AF0C862B5D797000A94064 /* FollowersCell.swift in Sources */,
				E1FF0E902B5845C600D6794B /* SearchVC.swift in Sources */,
				E1BB26D32B586C6500247A81 /* GFButton.swift in Sources */,
				E1FF0E972B58469000D6794B /* FavoritesListVC.swift in Sources */,
				E1CAE6982B596E10002B411C /* GFAlertVC.swift in Sources */,
				E1FF0E922B5845FE00D6794B /* TabBarController.swift in Sources */,
				E1B7049A2B5A7D7300DAB89A /* User.swift in Sources */,
				E1AF0C882B5D7A0D00A94064 /* GFAvatarImageView.swift in Sources */,
				E1B704982B5A7CAB00DAB89A /* Follower.swift in Sources */,
				E18CA7F12B5701C70025EF57 /* SceneDelegate.swift in Sources */,
				E1CAE6952B596D0E002B411C /* GFBodyLabel.swift in Sources */,
				E1BB26D62B586F7300247A81 /* GFTextField.swift in Sources */,
				E1CAE6912B5956BF002B411C /* FollowersListVC.swift in Sources */,
				E1E52C022B5C102100163391 /* FollowersListVM.swift in Sources */,
				E1B7049D2B5A856B00DAB89A /* NetworkManager.swift in Sources */,
				E1CAE6932B596BD6002B411C /* GFTitleLabel.swift in Sources */,
				E1CAE68E2B594E7F002B411C /* Extension.swift in Sources */,
			);
			runOnlyForDeploymentPostprocessing = 0;
		};
		E18CA7FD2B5701C80025EF57 /* Sources */ = {
			isa = PBXSourcesBuildPhase;
			buildActionMask = 2147483647;
			files = (
				E18CA8062B5701C80025EF57 /* GitHubFollowersTests.swift in Sources */,
			);
			runOnlyForDeploymentPostprocessing = 0;
		};
		E18CA8072B5701C80025EF57 /* Sources */ = {
			isa = PBXSourcesBuildPhase;
			buildActionMask = 2147483647;
			files = (
				E18CA8102B5701C80025EF57 /* GitHubFollowersUITests.swift in Sources */,
				E18CA8122B5701C80025EF57 /* GitHubFollowersUITestsLaunchTests.swift in Sources */,
			);
			runOnlyForDeploymentPostprocessing = 0;
		};
/* End PBXSourcesBuildPhase section */

/* Begin PBXTargetDependency section */
		E18CA8032B5701C80025EF57 /* PBXTargetDependency */ = {
			isa = PBXTargetDependency;
			target = E18CA7EA2B5701C70025EF57 /* GitHubFollowers */;
			targetProxy = E18CA8022B5701C80025EF57 /* PBXContainerItemProxy */;
		};
		E18CA80D2B5701C80025EF57 /* PBXTargetDependency */ = {
			isa = PBXTargetDependency;
			target = E18CA7EA2B5701C70025EF57 /* GitHubFollowers */;
			targetProxy = E18CA80C2B5701C80025EF57 /* PBXContainerItemProxy */;
		};
/* End PBXTargetDependency section */

/* Begin PBXVariantGroup section */
		E18CA7F92B5701C80025EF57 /* LaunchScreen.storyboard */ = {
			isa = PBXVariantGroup;
			children = (
				E18CA7FA2B5701C80025EF57 /* Base */,
			);
			name = LaunchScreen.storyboard;
			sourceTree = "<group>";
		};
/* End PBXVariantGroup section */

/* Begin XCBuildConfiguration section */
		E18CA8132B5701C80025EF57 /* Debug */ = {
			isa = XCBuildConfiguration;
			buildSettings = {
				ALWAYS_SEARCH_USER_PATHS = NO;
				ASSETCATALOG_COMPILER_GENERATE_SWIFT_ASSET_SYMBOL_EXTENSIONS = YES;
				CLANG_ANALYZER_NONNULL = YES;
				CLANG_ANALYZER_NUMBER_OBJECT_CONVERSION = YES_AGGRESSIVE;
				CLANG_CXX_LANGUAGE_STANDARD = "gnu++20";
				CLANG_ENABLE_MODULES = YES;
				CLANG_ENABLE_OBJC_ARC = YES;
				CLANG_ENABLE_OBJC_WEAK = YES;
				CLANG_WARN_BLOCK_CAPTURE_AUTORELEASING = YES;
				CLANG_WARN_BOOL_CONVERSION = YES;
				CLANG_WARN_COMMA = YES;
				CLANG_WARN_CONSTANT_CONVERSION = YES;
				CLANG_WARN_DEPRECATED_OBJC_IMPLEMENTATIONS = YES;
				CLANG_WARN_DIRECT_OBJC_ISA_USAGE = YES_ERROR;
				CLANG_WARN_DOCUMENTATION_COMMENTS = YES;
				CLANG_WARN_EMPTY_BODY = YES;
				CLANG_WARN_ENUM_CONVERSION = YES;
				CLANG_WARN_INFINITE_RECURSION = YES;
				CLANG_WARN_INT_CONVERSION = YES;
				CLANG_WARN_NON_LITERAL_NULL_CONVERSION = YES;
				CLANG_WARN_OBJC_IMPLICIT_RETAIN_SELF = YES;
				CLANG_WARN_OBJC_LITERAL_CONVERSION = YES;
				CLANG_WARN_OBJC_ROOT_CLASS = YES_ERROR;
				CLANG_WARN_QUOTED_INCLUDE_IN_FRAMEWORK_HEADER = YES;
				CLANG_WARN_RANGE_LOOP_ANALYSIS = YES;
				CLANG_WARN_STRICT_PROTOTYPES = YES;
				CLANG_WARN_SUSPICIOUS_MOVE = YES;
				CLANG_WARN_UNGUARDED_AVAILABILITY = YES_AGGRESSIVE;
				CLANG_WARN_UNREACHABLE_CODE = YES;
				CLANG_WARN__DUPLICATE_METHOD_MATCH = YES;
				COPY_PHASE_STRIP = NO;
				DEBUG_INFORMATION_FORMAT = dwarf;
				ENABLE_STRICT_OBJC_MSGSEND = YES;
				ENABLE_TESTABILITY = YES;
				ENABLE_USER_SCRIPT_SANDBOXING = YES;
				GCC_C_LANGUAGE_STANDARD = gnu17;
				GCC_DYNAMIC_NO_PIC = NO;
				GCC_NO_COMMON_BLOCKS = YES;
				GCC_OPTIMIZATION_LEVEL = 0;
				GCC_PREPROCESSOR_DEFINITIONS = (
					"DEBUG=1",
					"$(inherited)",
				);
				GCC_WARN_64_TO_32_BIT_CONVERSION = YES;
				GCC_WARN_ABOUT_RETURN_TYPE = YES_ERROR;
				GCC_WARN_UNDECLARED_SELECTOR = YES;
				GCC_WARN_UNINITIALIZED_AUTOS = YES_AGGRESSIVE;
				GCC_WARN_UNUSED_FUNCTION = YES;
				GCC_WARN_UNUSED_VARIABLE = YES;
				IPHONEOS_DEPLOYMENT_TARGET = 17.2;
				LOCALIZATION_PREFERS_STRING_CATALOGS = YES;
				MTL_ENABLE_DEBUG_INFO = INCLUDE_SOURCE;
				MTL_FAST_MATH = YES;
				ONLY_ACTIVE_ARCH = YES;
				SDKROOT = iphoneos;
				SWIFT_ACTIVE_COMPILATION_CONDITIONS = "DEBUG $(inherited)";
				SWIFT_OPTIMIZATION_LEVEL = "-Onone";
			};
			name = Debug;
		};
		E18CA8142B5701C80025EF57 /* Release */ = {
			isa = XCBuildConfiguration;
			buildSettings = {
				ALWAYS_SEARCH_USER_PATHS = NO;
				ASSETCATALOG_COMPILER_GENERATE_SWIFT_ASSET_SYMBOL_EXTENSIONS = YES;
				CLANG_ANALYZER_NONNULL = YES;
				CLANG_ANALYZER_NUMBER_OBJECT_CONVERSION = YES_AGGRESSIVE;
				CLANG_CXX_LANGUAGE_STANDARD = "gnu++20";
				CLANG_ENABLE_MODULES = YES;
				CLANG_ENABLE_OBJC_ARC = YES;
				CLANG_ENABLE_OBJC_WEAK = YES;
				CLANG_WARN_BLOCK_CAPTURE_AUTORELEASING = YES;
				CLANG_WARN_BOOL_CONVERSION = YES;
				CLANG_WARN_COMMA = YES;
				CLANG_WARN_CONSTANT_CONVERSION = YES;
				CLANG_WARN_DEPRECATED_OBJC_IMPLEMENTATIONS = YES;
				CLANG_WARN_DIRECT_OBJC_ISA_USAGE = YES_ERROR;
				CLANG_WARN_DOCUMENTATION_COMMENTS = YES;
				CLANG_WARN_EMPTY_BODY = YES;
				CLANG_WARN_ENUM_CONVERSION = YES;
				CLANG_WARN_INFINITE_RECURSION = YES;
				CLANG_WARN_INT_CONVERSION = YES;
				CLANG_WARN_NON_LITERAL_NULL_CONVERSION = YES;
				CLANG_WARN_OBJC_IMPLICIT_RETAIN_SELF = YES;
				CLANG_WARN_OBJC_LITERAL_CONVERSION = YES;
				CLANG_WARN_OBJC_ROOT_CLASS = YES_ERROR;
				CLANG_WARN_QUOTED_INCLUDE_IN_FRAMEWORK_HEADER = YES;
				CLANG_WARN_RANGE_LOOP_ANALYSIS = YES;
				CLANG_WARN_STRICT_PROTOTYPES = YES;
				CLANG_WARN_SUSPICIOUS_MOVE = YES;
				CLANG_WARN_UNGUARDED_AVAILABILITY = YES_AGGRESSIVE;
				CLANG_WARN_UNREACHABLE_CODE = YES;
				CLANG_WARN__DUPLICATE_METHOD_MATCH = YES;
				COPY_PHASE_STRIP = NO;
				DEBUG_INFORMATION_FORMAT = "dwarf-with-dsym";
				ENABLE_NS_ASSERTIONS = NO;
				ENABLE_STRICT_OBJC_MSGSEND = YES;
				ENABLE_USER_SCRIPT_SANDBOXING = YES;
				GCC_C_LANGUAGE_STANDARD = gnu17;
				GCC_NO_COMMON_BLOCKS = YES;
				GCC_WARN_64_TO_32_BIT_CONVERSION = YES;
				GCC_WARN_ABOUT_RETURN_TYPE = YES_ERROR;
				GCC_WARN_UNDECLARED_SELECTOR = YES;
				GCC_WARN_UNINITIALIZED_AUTOS = YES_AGGRESSIVE;
				GCC_WARN_UNUSED_FUNCTION = YES;
				GCC_WARN_UNUSED_VARIABLE = YES;
				IPHONEOS_DEPLOYMENT_TARGET = 17.2;
				LOCALIZATION_PREFERS_STRING_CATALOGS = YES;
				MTL_ENABLE_DEBUG_INFO = NO;
				MTL_FAST_MATH = YES;
				SDKROOT = iphoneos;
				SWIFT_COMPILATION_MODE = wholemodule;
				VALIDATE_PRODUCT = YES;
			};
			name = Release;
		};
		E18CA8162B5701C80025EF57 /* Debug */ = {
			isa = XCBuildConfiguration;
			buildSettings = {
				ASSETCATALOG_COMPILER_APPICON_NAME = AppIcon;
				ASSETCATALOG_COMPILER_GLOBAL_ACCENT_COLOR_NAME = AccentColor;
				CODE_SIGN_STYLE = Automatic;
				CURRENT_PROJECT_VERSION = 1;
				DEVELOPMENT_TEAM = 5U3H44JGNP;
				GENERATE_INFOPLIST_FILE = YES;
				INFOPLIST_FILE = GitHubFollowers/Info.plist;
				INFOPLIST_KEY_UIApplicationSupportsIndirectInputEvents = YES;
				INFOPLIST_KEY_UILaunchStoryboardName = LaunchScreen;
				INFOPLIST_KEY_UISupportedInterfaceOrientations = UIInterfaceOrientationPortrait;
				INFOPLIST_KEY_UISupportedInterfaceOrientations_iPad = "UIInterfaceOrientationLandscapeLeft UIInterfaceOrientationLandscapeRight UIInterfaceOrientationPortrait UIInterfaceOrientationPortraitUpsideDown";
				IPHONEOS_DEPLOYMENT_TARGET = 15.0;
				LD_RUNPATH_SEARCH_PATHS = (
					"$(inherited)",
					"@executable_path/Frameworks",
				);
				MARKETING_VERSION = 1.0;
				PRODUCT_BUNDLE_IDENTIFIER = altankoray.GitHubFollowers;
				PRODUCT_NAME = "$(TARGET_NAME)";
				SWIFT_EMIT_LOC_STRINGS = YES;
				SWIFT_VERSION = 5.0;
				TARGETED_DEVICE_FAMILY = "1,2";
			};
			name = Debug;
		};
		E18CA8172B5701C80025EF57 /* Release */ = {
			isa = XCBuildConfiguration;
			buildSettings = {
				ASSETCATALOG_COMPILER_APPICON_NAME = AppIcon;
				ASSETCATALOG_COMPILER_GLOBAL_ACCENT_COLOR_NAME = AccentColor;
				CODE_SIGN_STYLE = Automatic;
				CURRENT_PROJECT_VERSION = 1;
				DEVELOPMENT_TEAM = 5U3H44JGNP;
				GENERATE_INFOPLIST_FILE = YES;
				INFOPLIST_FILE = GitHubFollowers/Info.plist;
				INFOPLIST_KEY_UIApplicationSupportsIndirectInputEvents = YES;
				INFOPLIST_KEY_UILaunchStoryboardName = LaunchScreen;
				INFOPLIST_KEY_UISupportedInterfaceOrientations = UIInterfaceOrientationPortrait;
				INFOPLIST_KEY_UISupportedInterfaceOrientations_iPad = "UIInterfaceOrientationLandscapeLeft UIInterfaceOrientationLandscapeRight UIInterfaceOrientationPortrait UIInterfaceOrientationPortraitUpsideDown";
				IPHONEOS_DEPLOYMENT_TARGET = 15.0;
				LD_RUNPATH_SEARCH_PATHS = (
					"$(inherited)",
					"@executable_path/Frameworks",
				);
				MARKETING_VERSION = 1.0;
				PRODUCT_BUNDLE_IDENTIFIER = altankoray.GitHubFollowers;
				PRODUCT_NAME = "$(TARGET_NAME)";
				SWIFT_EMIT_LOC_STRINGS = YES;
				SWIFT_VERSION = 5.0;
				TARGETED_DEVICE_FAMILY = "1,2";
			};
			name = Release;
		};
		E18CA8192B5701C80025EF57 /* Debug */ = {
			isa = XCBuildConfiguration;
			buildSettings = {
				ALWAYS_EMBED_SWIFT_STANDARD_LIBRARIES = YES;
				BUNDLE_LOADER = "$(TEST_HOST)";
				CODE_SIGN_STYLE = Automatic;
				CURRENT_PROJECT_VERSION = 1;
				DEVELOPMENT_TEAM = 5U3H44JGNP;
				GENERATE_INFOPLIST_FILE = YES;
				IPHONEOS_DEPLOYMENT_TARGET = 17.2;
				MARKETING_VERSION = 1.0;
				PRODUCT_BUNDLE_IDENTIFIER = altankoray.GitHubFollowersTests;
				PRODUCT_NAME = "$(TARGET_NAME)";
				SWIFT_EMIT_LOC_STRINGS = NO;
				SWIFT_VERSION = 5.0;
				TARGETED_DEVICE_FAMILY = "1,2";
				TEST_HOST = "$(BUILT_PRODUCTS_DIR)/GitHubFollowers.app/$(BUNDLE_EXECUTABLE_FOLDER_PATH)/GitHubFollowers";
			};
			name = Debug;
		};
		E18CA81A2B5701C80025EF57 /* Release */ = {
			isa = XCBuildConfiguration;
			buildSettings = {
				ALWAYS_EMBED_SWIFT_STANDARD_LIBRARIES = YES;
				BUNDLE_LOADER = "$(TEST_HOST)";
				CODE_SIGN_STYLE = Automatic;
				CURRENT_PROJECT_VERSION = 1;
				DEVELOPMENT_TEAM = 5U3H44JGNP;
				GENERATE_INFOPLIST_FILE = YES;
				IPHONEOS_DEPLOYMENT_TARGET = 17.2;
				MARKETING_VERSION = 1.0;
				PRODUCT_BUNDLE_IDENTIFIER = altankoray.GitHubFollowersTests;
				PRODUCT_NAME = "$(TARGET_NAME)";
				SWIFT_EMIT_LOC_STRINGS = NO;
				SWIFT_VERSION = 5.0;
				TARGETED_DEVICE_FAMILY = "1,2";
				TEST_HOST = "$(BUILT_PRODUCTS_DIR)/GitHubFollowers.app/$(BUNDLE_EXECUTABLE_FOLDER_PATH)/GitHubFollowers";
			};
			name = Release;
		};
		E18CA81C2B5701C80025EF57 /* Debug */ = {
			isa = XCBuildConfiguration;
			buildSettings = {
				ALWAYS_EMBED_SWIFT_STANDARD_LIBRARIES = YES;
				CODE_SIGN_STYLE = Automatic;
				CURRENT_PROJECT_VERSION = 1;
				DEVELOPMENT_TEAM = 5U3H44JGNP;
				GENERATE_INFOPLIST_FILE = YES;
				MARKETING_VERSION = 1.0;
				PRODUCT_BUNDLE_IDENTIFIER = altankoray.GitHubFollowersUITests;
				PRODUCT_NAME = "$(TARGET_NAME)";
				SWIFT_EMIT_LOC_STRINGS = NO;
				SWIFT_VERSION = 5.0;
				TARGETED_DEVICE_FAMILY = "1,2";
				TEST_TARGET_NAME = GitHubFollowers;
			};
			name = Debug;
		};
		E18CA81D2B5701C80025EF57 /* Release */ = {
			isa = XCBuildConfiguration;
			buildSettings = {
				ALWAYS_EMBED_SWIFT_STANDARD_LIBRARIES = YES;
				CODE_SIGN_STYLE = Automatic;
				CURRENT_PROJECT_VERSION = 1;
				DEVELOPMENT_TEAM = 5U3H44JGNP;
				GENERATE_INFOPLIST_FILE = YES;
				MARKETING_VERSION = 1.0;
				PRODUCT_BUNDLE_IDENTIFIER = altankoray.GitHubFollowersUITests;
				PRODUCT_NAME = "$(TARGET_NAME)";
				SWIFT_EMIT_LOC_STRINGS = NO;
				SWIFT_VERSION = 5.0;
				TARGETED_DEVICE_FAMILY = "1,2";
				TEST_TARGET_NAME = GitHubFollowers;
			};
			name = Release;
		};
/* End XCBuildConfiguration section */

/* Begin XCConfigurationList section */
		E18CA7E62B5701C70025EF57 /* Build configuration list for PBXProject "GitHubFollowers" */ = {
			isa = XCConfigurationList;
			buildConfigurations = (
				E18CA8132B5701C80025EF57 /* Debug */,
				E18CA8142B5701C80025EF57 /* Release */,
			);
			defaultConfigurationIsVisible = 0;
			defaultConfigurationName = Release;
		};
		E18CA8152B5701C80025EF57 /* Build configuration list for PBXNativeTarget "GitHubFollowers" */ = {
			isa = XCConfigurationList;
			buildConfigurations = (
				E18CA8162B5701C80025EF57 /* Debug */,
				E18CA8172B5701C80025EF57 /* Release */,
			);
			defaultConfigurationIsVisible = 0;
			defaultConfigurationName = Release;
		};
		E18CA8182B5701C80025EF57 /* Build configuration list for PBXNativeTarget "GitHubFollowersTests" */ = {
			isa = XCConfigurationList;
			buildConfigurations = (
				E18CA8192B5701C80025EF57 /* Debug */,
				E18CA81A2B5701C80025EF57 /* Release */,
			);
			defaultConfigurationIsVisible = 0;
			defaultConfigurationName = Release;
		};
		E18CA81B2B5701C80025EF57 /* Build configuration list for PBXNativeTarget "GitHubFollowersUITests" */ = {
			isa = XCConfigurationList;
			buildConfigurations = (
				E18CA81C2B5701C80025EF57 /* Debug */,
				E18CA81D2B5701C80025EF57 /* Release */,
			);
			defaultConfigurationIsVisible = 0;
			defaultConfigurationName = Release;
		};
/* End XCConfigurationList section */
	};
	rootObject = E18CA7E32B5701C70025EF57 /* Project object */;
}
